
Microsoft Visual Studio Solution File, Format Version 12.00
# Visual Studio Version 17
VisualStudioVersion = 17.6.33815.320
MinimumVisualStudioVersion = 10.0.40219.1
Project("{888888A0-9F3D-457C-B088-3A5042F75D52}") = "Store-Receipts", "Store-Receipts.pyproj", "{364C2D19-C8DA-4D17-9D1A-9CA64AC336B2}"
EndProject
Global
	GlobalSection(SolutionConfigurationPlatforms) = preSolution
		Debug|Any CPU = Debug|Any CPU
		Release|Any CPU = Release|Any CPU
	EndGlobalSection
	GlobalSection(ProjectConfigurationPlatforms) = postSolution
		{364C2D19-C8DA-4D17-9D1A-9CA64AC336B2}.Debug|Any CPU.ActiveCfg = Debug|Any CPU
		{364C2D19-C8DA-4D17-9D1A-9CA64AC336B2}.Release|Any CPU.ActiveCfg = Release|Any CPU
	EndGlobalSection
	GlobalSection(SolutionProperties) = preSolution
		HideSolutionNode = FALSE
	EndGlobalSection
	GlobalSection(ExtensibilityGlobals) = postSolution
		SolutionGuid = {0EC2736A-4FD1-4805-9793-E4B2B30889BD}
	EndGlobalSection
EndGlobal
